github.com/go-fox/fox v0.0.0-20250210143009-df3a88f5f826 h1:FZPYUMJpVPS5XXCTA2zZC/tGhxWSbZCK44mss1+CsfU=
github.com/go-fox/fox v0.0.0-20250210143009-df3a88f5f826/go.mod h1:QCExypr1akMft89YymL3GMY6ckAkG/d0PKsHAxT3V5M=
github.com/go-fox/protobuf-go v0.0.0-20250211095727-82b8e43adfde h1:zkwwOgQgvFsCvjM6tCoFrXbrwhLNZ5ccynSRN7lNqcw=
github.com/go-fox/protobuf-go v0.0.0-20250211095727-82b8e43adfde/go.mod h1:k1WG6Gpa2vwfAE/yNOKmJzH6sfD4apHctRGxo3pCNg8=
github.com/google/go-cmp v0.6.0 h1:ofyhxvXcZhMsU5ulbFiLKl/XBFqE1GSq7atu8tAmTRI=
github.com/google/go-cmp v0.6.0/go.mod h1:17dUlkBOakJ0+DkrSSNjCkIjxS6bF9zb3elmeNGIjoY=
github.com/google/uuid v1.6.0 h1:NIvaJDMOsjHA8n1jAhLSgzrAzy1Hgr+hNrb57e+94F0=
github.com/google/uuid v1.6.0/go.mod h1:TIyPZe4MgqvfeYDBFedMoGGpEw/LqOeaOT+nhxU+yHo=
