github.com/go-fox/protobuf-go v0.0.0-20240925024828-89e5667145ee h1:1teAi5CsHrLdwNOTUdNzaevU4kaWXFSwH/Ja0UTB9Tk=
github.com/go-fox/protobuf-go v0.0.0-20240925024828-89e5667145ee/go.mod h1:VOC4z6Sv9BMdY0XoQv2iNf87KZT/MCpP9Y9fJAp5+iY=
github.com/google/go-cmp v0.6.0 h1:ofyhxvXcZhMsU5ulbFiLKl/XBFqE1GSq7atu8tAmTRI=
github.com/google/go-cmp v0.6.0/go.mod h1:17dUlkBOakJ0+DkrSSNjCkIjxS6bF9zb3elmeNGIjoY=
