github.com/go-fox/protobuf-go v0.0.0-20250211143114-672c00f02d97 h1:IqSRkfCCcN8FCKEanrDa/eXbG3Wd1IB39qDwzxNenGk=
github.com/go-fox/protobuf-go v0.0.0-20250211143114-672c00f02d97/go.mod h1:Ig+cDSTj+duzQDu6mbeixpd/IRzc3hDW/kVxXYhp0fY=
github.com/google/go-cmp v0.6.0 h1:ofyhxvXcZhMsU5ulbFiLKl/XBFqE1GSq7atu8tAmTRI=
github.com/google/go-cmp v0.6.0/go.mod h1:17dUlkBOakJ0+DkrSSNjCkIjxS6bF9zb3elmeNGIjoY=
